
Microsoft Visual Studio Solution File, Format Version 12.00
# Visual Studio 15
VisualStudioVersion = 15.0.28010.2003
MinimumVisualStudioVersion = 10.0.40219.1
Project("{FAE04EC0-301F-11D3-BF4B-00C04F79EFBC}") = "jlindahl1b1", "jlindahl1b1\jlindahl1b1.csproj", "{EAC9CC5C-B0E0-4D69-8322-8B620313C5C0}"
EndProject
Project("{FAE04EC0-301F-11D3-BF4B-00C04F79EFBC}") = "jlindahl1c1", "jlindahl1c1\jlindahl1c1.csproj", "{F451A58F-1168-4BA0-9FD1-9CF908BC5BF3}"
EndProject
Project("{FAE04EC0-301F-11D3-BF4B-00C04F79EFBC}") = "jlindahl1d1", "jlindahl1d1\jlindahl1d1.csproj", "{C6D160D7-91C7-4103-9644-B496C0F8D5C7}"
EndProject
Project("{FAE04EC0-301F-11D3-BF4B-00C04F79EFBC}") = "jlindahl17301e1", "jlindahl1730ex1e1\jlindahl17301e1.csproj", "{4D098802-3E5E-4A86-BDB7-775382332D19}"
EndProject
Project("{FAE04EC0-301F-11D3-BF4B-00C04F79EFBC}") = "jlindahl1F", "jlindahl1F\jlindahl1F.csproj", "{66A3D56D-4806-42B4-AAC4-DDD2CDBFD89D}"
EndProject
Global
	GlobalSection(SolutionConfigurationPlatforms) = preSolution
		Debug|Any CPU = Debug|Any CPU
		Release|Any CPU = Release|Any CPU
	EndGlobalSection
	GlobalSection(ProjectConfigurationPlatforms) = postSolution
		{EAC9CC5C-B0E0-4D69-8322-8B620313C5C0}.Debug|Any CPU.ActiveCfg = Debug|Any CPU
		{EAC9CC5C-B0E0-4D69-8322-8B620313C5C0}.Debug|Any CPU.Build.0 = Debug|Any CPU
		{EAC9CC5C-B0E0-4D69-8322-8B620313C5C0}.Release|Any CPU.ActiveCfg = Release|Any CPU
		{EAC9CC5C-B0E0-4D69-8322-8B620313C5C0}.Release|Any CPU.Build.0 = Release|Any CPU
		{F451A58F-1168-4BA0-9FD1-9CF908BC5BF3}.Debug|Any CPU.ActiveCfg = Debug|Any CPU
		{F451A58F-1168-4BA0-9FD1-9CF908BC5BF3}.Debug|Any CPU.Build.0 = Debug|Any CPU
		{F451A58F-1168-4BA0-9FD1-9CF908BC5BF3}.Release|Any CPU.ActiveCfg = Release|Any CPU
		{F451A58F-1168-4BA0-9FD1-9CF908BC5BF3}.Release|Any CPU.Build.0 = Release|Any CPU
		{C6D160D7-91C7-4103-9644-B496C0F8D5C7}.Debug|Any CPU.ActiveCfg = Debug|Any CPU
		{C6D160D7-91C7-4103-9644-B496C0F8D5C7}.Debug|Any CPU.Build.0 = Debug|Any CPU
		{C6D160D7-91C7-4103-9644-B496C0F8D5C7}.Release|Any CPU.ActiveCfg = Release|Any CPU
		{C6D160D7-91C7-4103-9644-B496C0F8D5C7}.Release|Any CPU.Build.0 = Release|Any CPU
		{4D098802-3E5E-4A86-BDB7-775382332D19}.Debug|Any CPU.ActiveCfg = Debug|Any CPU
		{4D098802-3E5E-4A86-BDB7-775382332D19}.Debug|Any CPU.Build.0 = Debug|Any CPU
		{4D098802-3E5E-4A86-BDB7-775382332D19}.Release|Any CPU.ActiveCfg = Release|Any CPU
		{4D098802-3E5E-4A86-BDB7-775382332D19}.Release|Any CPU.Build.0 = Release|Any CPU
		{66A3D56D-4806-42B4-AAC4-DDD2CDBFD89D}.Debug|Any CPU.ActiveCfg = Debug|Any CPU
		{66A3D56D-4806-42B4-AAC4-DDD2CDBFD89D}.Debug|Any CPU.Build.0 = Debug|Any CPU
		{66A3D56D-4806-42B4-AAC4-DDD2CDBFD89D}.Release|Any CPU.ActiveCfg = Release|Any CPU
		{66A3D56D-4806-42B4-AAC4-DDD2CDBFD89D}.Release|Any CPU.Build.0 = Release|Any CPU
	EndGlobalSection
	GlobalSection(SolutionProperties) = preSolution
		HideSolutionNode = FALSE
	EndGlobalSection
	GlobalSection(ExtensibilityGlobals) = postSolution
		SolutionGuid = {906BDF16-3272-49A5-84BB-D2A946711523}
	EndGlobalSection
EndGlobal
