
Microsoft Visual Studio Solution File, Format Version 12.00
# Visual Studio 15
VisualStudioVersion = 15.0.28010.2003
MinimumVisualStudioVersion = 10.0.40219.1
Project("{FAE04EC0-301F-11D3-BF4B-00C04F79EFBC}") = "jlindahl1b1", "jlindahl1b1\jlindahl1b1.csproj", "{EAC9CC5C-B0E0-4D69-8322-8B620313C5C0}"
EndProject
Project("{FAE04EC0-301F-11D3-BF4B-00C04F79EFBC}") = "jlindahl1c1", "jlindahl1c1\jlindahl1c1.csproj", "{F451A58F-1168-4BA0-9FD1-9CF908BC5BF3}"
EndProject
Project("{FAE04EC0-301F-11D3-BF4B-00C04F79EFBC}") = "jlindahl1d1", "jlindahl1d1\jlindahl1d1.csproj", "{C6D160D7-91C7-4103-9644-B496C0F8D5C7}"
EndProject
Project("{FAE04EC0-301F-11D3-BF4B-00C04F79EFBC}") = "jlindahl17301e1", "jlindahl1730ex1e1\jlindahl17301e1.csproj", "{4D098802-3E5E-4A86-BDB7-775382332D19}"
EndProject
Project("{FAE04EC0-301F-11D3-BF4B-00C04F79EFBC}") = "jlindahl1F", "jlindahl1F\jlindahl1F.csproj", "{66A3D56D-4806-42B4-AAC4-DDD2CDBFD89D}"
EndProject
Project("{FAE04EC0-301F-11D3-BF4B-00C04F79EFBC}") = "jlindahl1730ex1g", "jlindahl1730ex1g\jlindahl1730ex1g.csproj", "{AB381DE3-A3AB-4803-A0D6-12FE360A94A3}"
EndProject
Project("{FAE04EC0-301F-11D3-BF4B-00C04F79EFBC}") = "1730jlindahlvariablesSample", "1730jlindahlvariablesSample\1730jlindahlvariablesSample.csproj", "{7223F096-91F7-4639-9935-470D7B546D0D}"
EndProject
Project("{FAE04EC0-301F-11D3-BF4B-00C04F79EFBC}") = "jlindahl1730ex2a1", "jlindahl1730ex2a1\jlindahl1730ex2a1.csproj", "{D7B8BDB4-2E90-4309-88B2-290CFD904BEE}"
EndProject
Project("{FAE04EC0-301F-11D3-BF4B-00C04F79EFBC}") = "jlindahl1730ex2b1", "jlindahl173ex2b1\jlindahl1730ex2b1.csproj", "{D0F647F8-D7B9-48D7-8BD3-D1CAFAE14CAF}"
EndProject
Project("{FAE04EC0-301F-11D3-BF4B-00C04F79EFBC}") = "jlindahl2c1", "jlindahl2c1\jlindahl2c1.csproj", "{180324B6-1A78-4D00-A77A-E0B8BE8E6CC6}"
EndProject
Project("{FAE04EC0-301F-11D3-BF4B-00C04F79EFBC}") = "jlindahl17302d1", "jlindahl17302d1\jlindahl17302d1.csproj", "{0B4F44B4-03FF-4BFC-B5BD-4A42992524A1}"
EndProject
Project("{FAE04EC0-301F-11D3-BF4B-00C04F79EFBC}") = "jlindahl2e1", "jlindahlE1\jlindahl2e1.csproj", "{E25B2A88-071F-4B7C-AF1F-59632BB0B905}"
EndProject
Project("{FAE04EC0-301F-11D3-BF4B-00C04F79EFBC}") = "jlindahlLogicalOperationsUnitTests", "jlindahlLogicalOperationsUnitTests\jlindahlLogicalOperationsUnitTests.csproj", "{6BA21584-D9F9-4D92-9EAF-B4D25BE9E8AE}"
EndProject
Project("{FAE04EC0-301F-11D3-BF4B-00C04F79EFBC}") = "jlindahl17302f", "jlindahl17302f\jlindahl17302f.csproj", "{285B0353-CD7B-4167-A47D-78B77CE58E8B}"
EndProject
Project("{FAE04EC0-301F-11D3-BF4B-00C04F79EFBC}") = "jlindahl2f1UnitTests", "jlindahl2f1UnitTests\jlindahl2f1UnitTests.csproj", "{6BF9ED15-050A-430F-89F8-7B77229E6971}"
EndProject
Project("{FAE04EC0-301F-11D3-BF4B-00C04F79EFBC}") = "1730jlindahl2G", "1730jlindahl2G\1730jlindahl2G.csproj", "{D0EFADD1-C2C0-4D33-AB16-3E026A68C582}"
EndProject
Project("{9A19103F-16F7-4668-BE54-9A1E7A4F7556}") = "1730jlindahl2GUnitTest", "1730jlindahl2GUnitTestProject\1730jlindahl2GUnitTest.csproj", "{7A18E68F-6A30-4172-94BA-A0FB7FAD8585}"
EndProject
Project("{FAE04EC0-301F-11D3-BF4B-00C04F79EFBC}") = "1730jlindahl2H1", "1730jlindahl2H1\1730jlindahl2H1.csproj", "{BF79B5DA-4071-4679-85D7-5012F6EEE89E}"
EndProject
Project("{FAE04EC0-301F-11D3-BF4B-00C04F79EFBC}") = "1730jlindahl2H1.Tests", "1730jlindahl2H1.Tests\1730jlindahl2H1.Tests.csproj", "{142B9AC9-2FBB-4BF8-8445-66EC0D8BC297}"
EndProject
Project("{FAE04EC0-301F-11D3-BF4B-00C04F79EFBC}") = "StringMethodsSamp", "StringMethodsSamp\StringMethodsSamp.csproj", "{AEB1977D-F705-4A3F-BBD2-7904D118BBA5}"
EndProject
Project("{FAE04EC0-301F-11D3-BF4B-00C04F79EFBC}") = "Ex2HStringUnitTests", "Ex2HStringUnitTests\Ex2HStringUnitTests.csproj", "{C7A5B8F4-564D-4B9A-8B64-98283D34E443}"
EndProject
Project("{FAE04EC0-301F-11D3-BF4B-00C04F79EFBC}") = "jlindahl3A1", "jlindahl3A1\jlindahl3A1.csproj", "{9E0FEE9A-6B6C-4DFF-A16A-F804E0DFE4D2}"
EndProject
Project("{FAE04EC0-301F-11D3-BF4B-00C04F79EFBC}") = "jlindahl3AUnitTests", "jlindahl3AUnitTests\jlindahl3AUnitTests.csproj", "{C1A77D5C-21A6-4059-96C5-6C7530141B2E}"
EndProject
Project("{FAE04EC0-301F-11D3-BF4B-00C04F79EFBC}") = "1730jlindahl3b1", "1730jlindahl3b\1730jlindahl3b1.csproj", "{8DF9CE25-4178-446F-AD38-9F448E8A2856}"
EndProject
Project("{9A19103F-16F7-4668-BE54-9A1E7A4F7556}") = "jlindahl3b1UnitTests", "jlindahl3b1UnitTests\jlindahl3b1UnitTests.csproj", "{0E392D8F-1654-4831-B267-717A2DA723EF}"
EndProject
Project("{FAE04EC0-301F-11D3-BF4B-00C04F79EFBC}") = "jlindahl1730ex3c1", "jlindahl1730ex3c1\jlindahl1730ex3c1.csproj", "{8130D281-9EF0-4F06-911E-29E07599D44E}"
EndProject
Project("{FAE04EC0-301F-11D3-BF4B-00C04F79EFBC}") = "jlindahlEx3c1UnitTests", "jlindahlEx3c1UnitTests\jlindahlEx3c1UnitTests.csproj", "{01FF7E1B-9340-4930-9336-C0B792FE2002}"
EndProject
Project("{FAE04EC0-301F-11D3-BF4B-00C04F79EFBC}") = "jlindahl17303d1", "jlindahl17303d1\jlindahl17303d1.csproj", "{F58234FC-FF97-4FFD-92A4-BBFF317F338C}"
EndProject
Project("{FAE04EC0-301F-11D3-BF4B-00C04F79EFBC}") = "jlindahl3d1UnitTests", "jlindahl3d1UnitTests\jlindahl3d1UnitTests.csproj", "{BA984221-07EC-40DA-B54B-33A21C7B5C1A}"
EndProject
Global
	GlobalSection(SolutionConfigurationPlatforms) = preSolution
		Debug|Any CPU = Debug|Any CPU
		Release|Any CPU = Release|Any CPU
	EndGlobalSection
	GlobalSection(ProjectConfigurationPlatforms) = postSolution
		{EAC9CC5C-B0E0-4D69-8322-8B620313C5C0}.Debug|Any CPU.ActiveCfg = Debug|Any CPU
		{EAC9CC5C-B0E0-4D69-8322-8B620313C5C0}.Debug|Any CPU.Build.0 = Debug|Any CPU
		{EAC9CC5C-B0E0-4D69-8322-8B620313C5C0}.Release|Any CPU.ActiveCfg = Release|Any CPU
		{EAC9CC5C-B0E0-4D69-8322-8B620313C5C0}.Release|Any CPU.Build.0 = Release|Any CPU
		{F451A58F-1168-4BA0-9FD1-9CF908BC5BF3}.Debug|Any CPU.ActiveCfg = Debug|Any CPU
		{F451A58F-1168-4BA0-9FD1-9CF908BC5BF3}.Debug|Any CPU.Build.0 = Debug|Any CPU
		{F451A58F-1168-4BA0-9FD1-9CF908BC5BF3}.Release|Any CPU.ActiveCfg = Release|Any CPU
		{F451A58F-1168-4BA0-9FD1-9CF908BC5BF3}.Release|Any CPU.Build.0 = Release|Any CPU
		{C6D160D7-91C7-4103-9644-B496C0F8D5C7}.Debug|Any CPU.ActiveCfg = Debug|Any CPU
		{C6D160D7-91C7-4103-9644-B496C0F8D5C7}.Debug|Any CPU.Build.0 = Debug|Any CPU
		{C6D160D7-91C7-4103-9644-B496C0F8D5C7}.Release|Any CPU.ActiveCfg = Release|Any CPU
		{C6D160D7-91C7-4103-9644-B496C0F8D5C7}.Release|Any CPU.Build.0 = Release|Any CPU
		{4D098802-3E5E-4A86-BDB7-775382332D19}.Debug|Any CPU.ActiveCfg = Debug|Any CPU
		{4D098802-3E5E-4A86-BDB7-775382332D19}.Debug|Any CPU.Build.0 = Debug|Any CPU
		{4D098802-3E5E-4A86-BDB7-775382332D19}.Release|Any CPU.ActiveCfg = Release|Any CPU
		{4D098802-3E5E-4A86-BDB7-775382332D19}.Release|Any CPU.Build.0 = Release|Any CPU
		{66A3D56D-4806-42B4-AAC4-DDD2CDBFD89D}.Debug|Any CPU.ActiveCfg = Debug|Any CPU
		{66A3D56D-4806-42B4-AAC4-DDD2CDBFD89D}.Debug|Any CPU.Build.0 = Debug|Any CPU
		{66A3D56D-4806-42B4-AAC4-DDD2CDBFD89D}.Release|Any CPU.ActiveCfg = Release|Any CPU
		{66A3D56D-4806-42B4-AAC4-DDD2CDBFD89D}.Release|Any CPU.Build.0 = Release|Any CPU
		{AB381DE3-A3AB-4803-A0D6-12FE360A94A3}.Debug|Any CPU.ActiveCfg = Debug|Any CPU
		{AB381DE3-A3AB-4803-A0D6-12FE360A94A3}.Debug|Any CPU.Build.0 = Debug|Any CPU
		{AB381DE3-A3AB-4803-A0D6-12FE360A94A3}.Release|Any CPU.ActiveCfg = Release|Any CPU
		{AB381DE3-A3AB-4803-A0D6-12FE360A94A3}.Release|Any CPU.Build.0 = Release|Any CPU
		{7223F096-91F7-4639-9935-470D7B546D0D}.Debug|Any CPU.ActiveCfg = Debug|Any CPU
		{7223F096-91F7-4639-9935-470D7B546D0D}.Debug|Any CPU.Build.0 = Debug|Any CPU
		{7223F096-91F7-4639-9935-470D7B546D0D}.Release|Any CPU.ActiveCfg = Release|Any CPU
		{7223F096-91F7-4639-9935-470D7B546D0D}.Release|Any CPU.Build.0 = Release|Any CPU
		{D7B8BDB4-2E90-4309-88B2-290CFD904BEE}.Debug|Any CPU.ActiveCfg = Debug|Any CPU
		{D7B8BDB4-2E90-4309-88B2-290CFD904BEE}.Debug|Any CPU.Build.0 = Debug|Any CPU
		{D7B8BDB4-2E90-4309-88B2-290CFD904BEE}.Release|Any CPU.ActiveCfg = Release|Any CPU
		{D7B8BDB4-2E90-4309-88B2-290CFD904BEE}.Release|Any CPU.Build.0 = Release|Any CPU
		{D0F647F8-D7B9-48D7-8BD3-D1CAFAE14CAF}.Debug|Any CPU.ActiveCfg = Debug|Any CPU
		{D0F647F8-D7B9-48D7-8BD3-D1CAFAE14CAF}.Debug|Any CPU.Build.0 = Debug|Any CPU
		{D0F647F8-D7B9-48D7-8BD3-D1CAFAE14CAF}.Release|Any CPU.ActiveCfg = Release|Any CPU
		{D0F647F8-D7B9-48D7-8BD3-D1CAFAE14CAF}.Release|Any CPU.Build.0 = Release|Any CPU
		{180324B6-1A78-4D00-A77A-E0B8BE8E6CC6}.Debug|Any CPU.ActiveCfg = Debug|Any CPU
		{180324B6-1A78-4D00-A77A-E0B8BE8E6CC6}.Debug|Any CPU.Build.0 = Debug|Any CPU
		{180324B6-1A78-4D00-A77A-E0B8BE8E6CC6}.Release|Any CPU.ActiveCfg = Release|Any CPU
		{180324B6-1A78-4D00-A77A-E0B8BE8E6CC6}.Release|Any CPU.Build.0 = Release|Any CPU
		{0B4F44B4-03FF-4BFC-B5BD-4A42992524A1}.Debug|Any CPU.ActiveCfg = Debug|Any CPU
		{0B4F44B4-03FF-4BFC-B5BD-4A42992524A1}.Debug|Any CPU.Build.0 = Debug|Any CPU
		{0B4F44B4-03FF-4BFC-B5BD-4A42992524A1}.Release|Any CPU.ActiveCfg = Release|Any CPU
		{0B4F44B4-03FF-4BFC-B5BD-4A42992524A1}.Release|Any CPU.Build.0 = Release|Any CPU
		{E25B2A88-071F-4B7C-AF1F-59632BB0B905}.Debug|Any CPU.ActiveCfg = Debug|Any CPU
		{E25B2A88-071F-4B7C-AF1F-59632BB0B905}.Debug|Any CPU.Build.0 = Debug|Any CPU
		{E25B2A88-071F-4B7C-AF1F-59632BB0B905}.Release|Any CPU.ActiveCfg = Release|Any CPU
		{E25B2A88-071F-4B7C-AF1F-59632BB0B905}.Release|Any CPU.Build.0 = Release|Any CPU
		{6BA21584-D9F9-4D92-9EAF-B4D25BE9E8AE}.Debug|Any CPU.ActiveCfg = Debug|Any CPU
		{6BA21584-D9F9-4D92-9EAF-B4D25BE9E8AE}.Debug|Any CPU.Build.0 = Debug|Any CPU
		{6BA21584-D9F9-4D92-9EAF-B4D25BE9E8AE}.Release|Any CPU.ActiveCfg = Release|Any CPU
		{6BA21584-D9F9-4D92-9EAF-B4D25BE9E8AE}.Release|Any CPU.Build.0 = Release|Any CPU
		{285B0353-CD7B-4167-A47D-78B77CE58E8B}.Debug|Any CPU.ActiveCfg = Debug|Any CPU
		{285B0353-CD7B-4167-A47D-78B77CE58E8B}.Debug|Any CPU.Build.0 = Debug|Any CPU
		{285B0353-CD7B-4167-A47D-78B77CE58E8B}.Release|Any CPU.ActiveCfg = Release|Any CPU
		{285B0353-CD7B-4167-A47D-78B77CE58E8B}.Release|Any CPU.Build.0 = Release|Any CPU
		{6BF9ED15-050A-430F-89F8-7B77229E6971}.Debug|Any CPU.ActiveCfg = Debug|Any CPU
		{6BF9ED15-050A-430F-89F8-7B77229E6971}.Debug|Any CPU.Build.0 = Debug|Any CPU
		{6BF9ED15-050A-430F-89F8-7B77229E6971}.Release|Any CPU.ActiveCfg = Release|Any CPU
		{6BF9ED15-050A-430F-89F8-7B77229E6971}.Release|Any CPU.Build.0 = Release|Any CPU
		{D0EFADD1-C2C0-4D33-AB16-3E026A68C582}.Debug|Any CPU.ActiveCfg = Debug|Any CPU
		{D0EFADD1-C2C0-4D33-AB16-3E026A68C582}.Debug|Any CPU.Build.0 = Debug|Any CPU
		{D0EFADD1-C2C0-4D33-AB16-3E026A68C582}.Release|Any CPU.ActiveCfg = Release|Any CPU
		{D0EFADD1-C2C0-4D33-AB16-3E026A68C582}.Release|Any CPU.Build.0 = Release|Any CPU
		{7A18E68F-6A30-4172-94BA-A0FB7FAD8585}.Debug|Any CPU.ActiveCfg = Debug|Any CPU
		{7A18E68F-6A30-4172-94BA-A0FB7FAD8585}.Debug|Any CPU.Build.0 = Debug|Any CPU
		{7A18E68F-6A30-4172-94BA-A0FB7FAD8585}.Release|Any CPU.ActiveCfg = Release|Any CPU
		{7A18E68F-6A30-4172-94BA-A0FB7FAD8585}.Release|Any CPU.Build.0 = Release|Any CPU
		{BF79B5DA-4071-4679-85D7-5012F6EEE89E}.Debug|Any CPU.ActiveCfg = Debug|Any CPU
		{BF79B5DA-4071-4679-85D7-5012F6EEE89E}.Debug|Any CPU.Build.0 = Debug|Any CPU
		{BF79B5DA-4071-4679-85D7-5012F6EEE89E}.Release|Any CPU.ActiveCfg = Release|Any CPU
		{BF79B5DA-4071-4679-85D7-5012F6EEE89E}.Release|Any CPU.Build.0 = Release|Any CPU
		{142B9AC9-2FBB-4BF8-8445-66EC0D8BC297}.Debug|Any CPU.ActiveCfg = Debug|Any CPU
		{142B9AC9-2FBB-4BF8-8445-66EC0D8BC297}.Debug|Any CPU.Build.0 = Debug|Any CPU
		{142B9AC9-2FBB-4BF8-8445-66EC0D8BC297}.Release|Any CPU.ActiveCfg = Release|Any CPU
		{142B9AC9-2FBB-4BF8-8445-66EC0D8BC297}.Release|Any CPU.Build.0 = Release|Any CPU
		{AEB1977D-F705-4A3F-BBD2-7904D118BBA5}.Debug|Any CPU.ActiveCfg = Debug|Any CPU
		{AEB1977D-F705-4A3F-BBD2-7904D118BBA5}.Debug|Any CPU.Build.0 = Debug|Any CPU
		{AEB1977D-F705-4A3F-BBD2-7904D118BBA5}.Release|Any CPU.ActiveCfg = Release|Any CPU
		{AEB1977D-F705-4A3F-BBD2-7904D118BBA5}.Release|Any CPU.Build.0 = Release|Any CPU
		{C7A5B8F4-564D-4B9A-8B64-98283D34E443}.Debug|Any CPU.ActiveCfg = Debug|Any CPU
		{C7A5B8F4-564D-4B9A-8B64-98283D34E443}.Debug|Any CPU.Build.0 = Debug|Any CPU
		{C7A5B8F4-564D-4B9A-8B64-98283D34E443}.Release|Any CPU.ActiveCfg = Release|Any CPU
		{C7A5B8F4-564D-4B9A-8B64-98283D34E443}.Release|Any CPU.Build.0 = Release|Any CPU
		{9E0FEE9A-6B6C-4DFF-A16A-F804E0DFE4D2}.Debug|Any CPU.ActiveCfg = Debug|Any CPU
		{9E0FEE9A-6B6C-4DFF-A16A-F804E0DFE4D2}.Debug|Any CPU.Build.0 = Debug|Any CPU
		{9E0FEE9A-6B6C-4DFF-A16A-F804E0DFE4D2}.Release|Any CPU.ActiveCfg = Release|Any CPU
		{9E0FEE9A-6B6C-4DFF-A16A-F804E0DFE4D2}.Release|Any CPU.Build.0 = Release|Any CPU
		{C1A77D5C-21A6-4059-96C5-6C7530141B2E}.Debug|Any CPU.ActiveCfg = Debug|Any CPU
		{C1A77D5C-21A6-4059-96C5-6C7530141B2E}.Debug|Any CPU.Build.0 = Debug|Any CPU
		{C1A77D5C-21A6-4059-96C5-6C7530141B2E}.Release|Any CPU.ActiveCfg = Release|Any CPU
		{C1A77D5C-21A6-4059-96C5-6C7530141B2E}.Release|Any CPU.Build.0 = Release|Any CPU
		{8DF9CE25-4178-446F-AD38-9F448E8A2856}.Debug|Any CPU.ActiveCfg = Debug|Any CPU
		{8DF9CE25-4178-446F-AD38-9F448E8A2856}.Debug|Any CPU.Build.0 = Debug|Any CPU
		{8DF9CE25-4178-446F-AD38-9F448E8A2856}.Release|Any CPU.ActiveCfg = Release|Any CPU
		{8DF9CE25-4178-446F-AD38-9F448E8A2856}.Release|Any CPU.Build.0 = Release|Any CPU
		{0E392D8F-1654-4831-B267-717A2DA723EF}.Debug|Any CPU.ActiveCfg = Debug|Any CPU
		{0E392D8F-1654-4831-B267-717A2DA723EF}.Debug|Any CPU.Build.0 = Debug|Any CPU
		{0E392D8F-1654-4831-B267-717A2DA723EF}.Release|Any CPU.ActiveCfg = Release|Any CPU
		{0E392D8F-1654-4831-B267-717A2DA723EF}.Release|Any CPU.Build.0 = Release|Any CPU
		{8130D281-9EF0-4F06-911E-29E07599D44E}.Debug|Any CPU.ActiveCfg = Debug|Any CPU
		{8130D281-9EF0-4F06-911E-29E07599D44E}.Debug|Any CPU.Build.0 = Debug|Any CPU
		{8130D281-9EF0-4F06-911E-29E07599D44E}.Release|Any CPU.ActiveCfg = Release|Any CPU
		{8130D281-9EF0-4F06-911E-29E07599D44E}.Release|Any CPU.Build.0 = Release|Any CPU
		{01FF7E1B-9340-4930-9336-C0B792FE2002}.Debug|Any CPU.ActiveCfg = Debug|Any CPU
		{01FF7E1B-9340-4930-9336-C0B792FE2002}.Debug|Any CPU.Build.0 = Debug|Any CPU
		{01FF7E1B-9340-4930-9336-C0B792FE2002}.Release|Any CPU.ActiveCfg = Release|Any CPU
		{01FF7E1B-9340-4930-9336-C0B792FE2002}.Release|Any CPU.Build.0 = Release|Any CPU
		{F58234FC-FF97-4FFD-92A4-BBFF317F338C}.Debug|Any CPU.ActiveCfg = Debug|Any CPU
		{F58234FC-FF97-4FFD-92A4-BBFF317F338C}.Debug|Any CPU.Build.0 = Debug|Any CPU
		{F58234FC-FF97-4FFD-92A4-BBFF317F338C}.Release|Any CPU.ActiveCfg = Release|Any CPU
		{F58234FC-FF97-4FFD-92A4-BBFF317F338C}.Release|Any CPU.Build.0 = Release|Any CPU
		{BA984221-07EC-40DA-B54B-33A21C7B5C1A}.Debug|Any CPU.ActiveCfg = Debug|Any CPU
		{BA984221-07EC-40DA-B54B-33A21C7B5C1A}.Debug|Any CPU.Build.0 = Debug|Any CPU
		{BA984221-07EC-40DA-B54B-33A21C7B5C1A}.Release|Any CPU.ActiveCfg = Release|Any CPU
		{BA984221-07EC-40DA-B54B-33A21C7B5C1A}.Release|Any CPU.Build.0 = Release|Any CPU
	EndGlobalSection
	GlobalSection(SolutionProperties) = preSolution
		HideSolutionNode = FALSE
	EndGlobalSection
	GlobalSection(ExtensibilityGlobals) = postSolution
		SolutionGuid = {906BDF16-3272-49A5-84BB-D2A946711523}
	EndGlobalSection
EndGlobal
